# This file is autogenerated, do not edit; changes may be undone by the next 'dep ensure'.


[[projects]]
  digest = "1:5c3894b2aa4d6bead0ceeea6831b305d62879c871780e7b76296ded1b004bc57"
  name = "cloud.google.com/go"
  packages = ["compute/metadata"]
  pruneopts = "NUT"
  revision = "aad3f485ee528456e0768f20397b4d9dd941e755"
  version = "v0.25.0"

[[projects]]
  branch = "master"
  digest = "1:26bac590d2ee7a8ace363d3b8f84e3f790e732470ba54995c9bf722827fc96c4"
  name = "github.com/genuinetools/pkg"
  packages = ["cli"]
  pruneopts = "NUT"
  revision = "965f911b80a9f4d3b446685164fefec44ecacd15"

[[projects]]
  digest = "1:15042ad3498153684d09f393bbaec6b216c8eec6d61f63dff711de7d64ed8861"
  name = "github.com/golang/protobuf"
  packages = ["proto"]
  pruneopts = "NUT"
  revision = "b4deda0973fb4c70b50d226b1af49f3da59f5265"
  version = "v1.1.0"

[[projects]]
  branch = "master"
  digest = "1:55f189d7d4d5a35d07a4109c353652cf865fb14b7a5afca77f8e3ac7e1770e1b"
  name = "github.com/mmcloughlin/openflights"
  packages = ["."]
  pruneopts = "NUT"
  revision = "257f09e6e50cc44958d87c23fba5d10ebf463d69"

[[projects]]
  digest = "1:6989062eb7ccf25cf38bf4fe3dba097ee209f896cda42cefdca3927047bef7b6"
  name = "github.com/sirupsen/logrus"
  packages = ["."]
  pruneopts = "NUT"
  revision = "c155da19408a8799da419ed3eeb0cb5db0ad5dbc"
  version = "v1.0.5"

[[projects]]
  branch = "master"
  digest = "1:3f3a05ae0b95893d90b9b3b5afdb79a9b3d96e4e36e099d841ae602e4aca0da8"
  name = "golang.org/x/crypto"
  packages = ["ssh/terminal"]
  pruneopts = "NUT"
  revision = "a49355c7e3f8fe157a85be2f77e6e269a0f89602"

[[projects]]
  branch = "master"
  digest = "1:ce1f391e0e8c5e3c635dc2c712b037a2d0fd4241cc5648f23ca071565dd385f2"
  name = "golang.org/x/net"
  packages = [
    "context",
    "context/ctxhttp",
  ]
  pruneopts = "NUT"
  revision = "d0887baf81f4598189d4e12a37c6da86f0bba4d0"

[[projects]]
  branch = "master"
  digest = "1:4182888816989aa2ac1cd1f160bc9c8f32a831d7317d33731616eb27496e6e98"
  name = "golang.org/x/oauth2"
  packages = [
    ".",
    "google",
    "internal",
    "jws",
    "jwt",
  ]
  pruneopts = "NUT"
  revision = "ef147856a6ddbb60760db74283d2424e98c87bff"

[[projects]]
  branch = "master"
  digest = "1:64107e3c8f52f341891a565d117bf263ed396fe0c16bad19634b25be25debfaa"
  name = "golang.org/x/sys"
  packages = [
    "unix",
    "windows",
  ]
  pruneopts = "NUT"
  revision = "ac767d655b305d4e9612f5f6e33120b9176c4ad4"

[[projects]]
  branch = "master"
  digest = "1:44b99a2929f4e3a00f80475af75459c4b8e7a096728777f718833e1f620eeb6c"
  name = "google.golang.org/api"
  packages = [
    "calendar/v3",
    "gensupport",
    "googleapi",
    "googleapi/internal/uritemplates",
  ]
  pruneopts = "NUT"
  revision = "81e9282165ac0866b8cc2a3952772ecf8a710b94"

[[projects]]
  digest = "1:0f41a4605e6df63445a5fc4e6df9262976cb56811b1db33d6c53c44459a91c02"
  name = "google.golang.org/appengine"
  packages = [
    ".",
    "internal",
    "internal/app_identity",
    "internal/base",
    "internal/datastore",
    "internal/log",
    "internal/modules",
    "internal/remote_api",
    "internal/urlfetch",
    "urlfetch",
  ]
  pruneopts = "NUT"
  revision = "b1f26356af11148e710935ed1ac8a7f5702c7612"
  version = "v1.1.0"

[solve-meta]
  analyzer-name = "dep"
  analyzer-version = 1
  input-imports = [
    "github.com/genuinetools/pkg/cli",
    "github.com/mmcloughlin/openflights",
    "github.com/sirupsen/logrus",
    "golang.org/x/oauth2/google",
    "google.golang.org/api/calendar/v3",
  ]
  solver-name = "gps-cdcl"
  solver-version = 1
